
Microsoft Visual Studio Solution File, Format Version 12.00
# Visual Studio Version 16
VisualStudioVersion = 16.0.29326.143
MinimumVisualStudioVersion = 10.0.40219.1
Project("{FAE04EC0-301F-11D3-BF4B-00C04F79EFBC}") = "Matrix", "Matrix\Matrix.csproj", "{AD083C87-04CB-4F73-B078-18E313046DAE}"
EndProject
Global
	GlobalSection(SolutionConfigurationPlatforms) = preSolution
		Debug|Any CPU = Debug|Any CPU
		Release|Any CPU = Release|Any CPU
	EndGlobalSection
	GlobalSection(ProjectConfigurationPlatforms) = postSolution
		{AD083C87-04CB-4F73-B078-18E313046DAE}.Debug|Any CPU.ActiveCfg = Debug|Any CPU
		{AD083C87-04CB-4F73-B078-18E313046DAE}.Debug|Any CPU.Build.0 = Debug|Any CPU
		{AD083C87-04CB-4F73-B078-18E313046DAE}.Release|Any CPU.ActiveCfg = Release|Any CPU
		{AD083C87-04CB-4F73-B078-18E313046DAE}.Release|Any CPU.Build.0 = Release|Any CPU
	EndGlobalSection
	GlobalSection(SolutionProperties) = preSolution
		HideSolutionNode = FALSE
	EndGlobalSection
	GlobalSection(ExtensibilityGlobals) = postSolution
		SolutionGuid = {2E53AA03-9CCD-4D54-8ADC-D15C781A60D8}
	EndGlobalSection
EndGlobal
